
Microsoft Visual Studio Solution File, Format Version 12.00
# Visual Studio Version 17
VisualStudioVersion = 17.5.33424.131
MinimumVisualStudioVersion = 10.0.40219.1
Project("{FAE04EC0-301F-11D3-BF4B-00C04F79EFBC}") = "QuizPOG", "QuizPOG\QuizPOG.csproj", "{644AFDA6-F7BB-45EF-B99C-10B004510785}"
EndProject
Global
	GlobalSection(SolutionConfigurationPlatforms) = preSolution
		Debug|Any CPU = Debug|Any CPU
		Release|Any CPU = Release|Any CPU
	EndGlobalSection
	GlobalSection(ProjectConfigurationPlatforms) = postSolution
		{644AFDA6-F7BB-45EF-B99C-10B004510785}.Debug|Any CPU.ActiveCfg = Debug|Any CPU
		{644AFDA6-F7BB-45EF-B99C-10B004510785}.Debug|Any CPU.Build.0 = Debug|Any CPU
		{644AFDA6-F7BB-45EF-B99C-10B004510785}.Release|Any CPU.ActiveCfg = Release|Any CPU
		{644AFDA6-F7BB-45EF-B99C-10B004510785}.Release|Any CPU.Build.0 = Release|Any CPU
	EndGlobalSection
	GlobalSection(SolutionProperties) = preSolution
		HideSolutionNode = FALSE
	EndGlobalSection
	GlobalSection(ExtensibilityGlobals) = postSolution
		SolutionGuid = {10F1FD2F-0475-4109-A1CC-0578A83DCF85}
	EndGlobalSection
EndGlobal
